// !$*UTF8*$!
{
	archiveVersion = 1;
	classes = {
	};
	objectVersion = 50;
	objects = {

/* Begin PBXBuildFile section */
		CE0800D0265A51CF0084AC8D /* TitechApp_liteApp.swift in Sources */ = {isa = PBXBuildFile; fileRef = CE0800CF265A51CF0084AC8D /* TitechApp_liteApp.swift */; };
		CE0800D4265A51D10084AC8D /* Assets.xcassets in Resources */ = {isa = PBXBuildFile; fileRef = CE0800D3265A51D10084AC8D /* Assets.xcassets */; };
		CE0800D7265A51D10084AC8D /* Preview Assets.xcassets in Resources */ = {isa = PBXBuildFile; fileRef = CE0800D6265A51D10084AC8D /* Preview Assets.xcassets */; };
		CE0800E3265A60590084AC8D /* json_extract.swift in Sources */ = {isa = PBXBuildFile; fileRef = CE0800E2265A60590084AC8D /* json_extract.swift */; };
		CE0800E5265A60C00084AC8D /* Lecture.swift in Sources */ = {isa = PBXBuildFile; fileRef = CE0800E4265A60C00084AC8D /* Lecture.swift */; };
		CE5F7DC4265A78E300BBC6B6 /* LectureData.json in Resources */ = {isa = PBXBuildFile; fileRef = CE5F7DC3265A78E300BBC6B6 /* LectureData.json */; };
		CE5F7DC6265A7F0500BBC6B6 /* LectureList.swift in Sources */ = {isa = PBXBuildFile; fileRef = CE5F7DC5265A7F0500BBC6B6 /* LectureList.swift */; };
		CE5F7DC8265A7F1600BBC6B6 /* LectureRow.swift in Sources */ = {isa = PBXBuildFile; fileRef = CE5F7DC7265A7F1600BBC6B6 /* LectureRow.swift */; };
		CE5F7DCA265A7F3100BBC6B6 /* LectureInfo.swift in Sources */ = {isa = PBXBuildFile; fileRef = CE5F7DC9265A7F3100BBC6B6 /* LectureInfo.swift */; };
/* End PBXBuildFile section */

/* Begin PBXFileReference section */
		CE0800CC265A51CF0084AC8D /* TitechApp-lite.app */ = {isa = PBXFileReference; explicitFileType = wrapper.application; includeInIndex = 0; path = "TitechApp-lite.app"; sourceTree = BUILT_PRODUCTS_DIR; };
		CE0800CF265A51CF0084AC8D /* TitechApp_liteApp.swift */ = {isa = PBXFileReference; lastKnownFileType = sourcecode.swift; path = TitechApp_liteApp.swift; sourceTree = "<group>"; };
		CE0800D3265A51D10084AC8D /* Assets.xcassets */ = {isa = PBXFileReference; lastKnownFileType = folder.assetcatalog; path = Assets.xcassets; sourceTree = "<group>"; };
		CE0800D6265A51D10084AC8D /* Preview Assets.xcassets */ = {isa = PBXFileReference; lastKnownFileType = folder.assetcatalog; path = "Preview Assets.xcassets"; sourceTree = "<group>"; };
		CE0800D8265A51D10084AC8D /* Info.plist */ = {isa = PBXFileReference; lastKnownFileType = text.plist.xml; path = Info.plist; sourceTree = "<group>"; };
		CE0800E2265A60590084AC8D /* json_extract.swift */ = {isa = PBXFileReference; lastKnownFileType = sourcecode.swift; path = json_extract.swift; sourceTree = "<group>"; };
		CE0800E4265A60C00084AC8D /* Lecture.swift */ = {isa = PBXFileReference; lastKnownFileType = sourcecode.swift; path = Lecture.swift; sourceTree = "<group>"; };
		CE5F7DC3265A78E300BBC6B6 /* LectureData.json */ = {isa = PBXFileReference; lastKnownFileType = text.json; path = LectureData.json; sourceTree = "<group>"; };
		CE5F7DC5265A7F0500BBC6B6 /* LectureList.swift */ = {isa = PBXFileReference; lastKnownFileType = sourcecode.swift; path = LectureList.swift; sourceTree = "<group>"; };
		CE5F7DC7265A7F1600BBC6B6 /* LectureRow.swift */ = {isa = PBXFileReference; lastKnownFileType = sourcecode.swift; path = LectureRow.swift; sourceTree = "<group>"; };
		CE5F7DC9265A7F3100BBC6B6 /* LectureInfo.swift */ = {isa = PBXFileReference; lastKnownFileType = sourcecode.swift; path = LectureInfo.swift; sourceTree = "<group>"; };
/* End PBXFileReference section */

/* Begin PBXFrameworksBuildPhase section */
		CE0800C9265A51CF0084AC8D /* Frameworks */ = {
			isa = PBXFrameworksBuildPhase;
			buildActionMask = 2147483647;
			files = (
			);
			runOnlyForDeploymentPostprocessing = 0;
		};
/* End PBXFrameworksBuildPhase section */

/* Begin PBXGroup section */
		CE0800C3265A51CF0084AC8D = {
			isa = PBXGroup;
			children = (
				CE0800CE265A51CF0084AC8D /* TitechApp-lite */,
				CE0800CD265A51CF0084AC8D /* Products */,
			);
			sourceTree = "<group>";
		};
		CE0800CD265A51CF0084AC8D /* Products */ = {
			isa = PBXGroup;
			children = (
				CE0800CC265A51CF0084AC8D /* TitechApp-lite.app */,
			);
			name = Products;
			sourceTree = "<group>";
		};
		CE0800CE265A51CF0084AC8D /* TitechApp-lite */ = {
			isa = PBXGroup;
			children = (
				CE5F7DC2265A78B200BBC6B6 /* Schedule */,
				CE0800DF265A576C0084AC8D /* View */,
				CE0800DE265A57540084AC8D /* Model */,
				CE0800CF265A51CF0084AC8D /* TitechApp_liteApp.swift */,
				CE0800D3265A51D10084AC8D /* Assets.xcassets */,
				CE0800D8265A51D10084AC8D /* Info.plist */,
				CE0800D5265A51D10084AC8D /* Preview Content */,
			);
			path = "TitechApp-lite";
			sourceTree = "<group>";
		};
		CE0800D5265A51D10084AC8D /* Preview Content */ = {
			isa = PBXGroup;
			children = (
				CE0800D6265A51D10084AC8D /* Preview Assets.xcassets */,
			);
			path = "Preview Content";
			sourceTree = "<group>";
		};
		CE0800DE265A57540084AC8D /* Model */ = {
			isa = PBXGroup;
			children = (
				CE0800E2265A60590084AC8D /* json_extract.swift */,
				CE0800E4265A60C00084AC8D /* Lecture.swift */,
			);
			path = Model;
			sourceTree = "<group>";
		};
		CE0800DF265A576C0084AC8D /* View */ = {
			isa = PBXGroup;
			children = (
				CE5F7DC5265A7F0500BBC6B6 /* LectureList.swift */,
				CE5F7DC7265A7F1600BBC6B6 /* LectureRow.swift */,
				CE5F7DC9265A7F3100BBC6B6 /* LectureInfo.swift */,
			);
			path = View;
			sourceTree = "<group>";
		};
		CE5F7DC2265A78B200BBC6B6 /* Schedule */ = {
			isa = PBXGroup;
			children = (
				CE5F7DC3265A78E300BBC6B6 /* LectureData.json */,
			);
			path = Schedule;
			sourceTree = "<group>";
		};
/* End PBXGroup section */

/* Begin PBXNativeTarget section */
		CE0800CB265A51CF0084AC8D /* TitechApp-lite */ = {
			isa = PBXNativeTarget;
			buildConfigurationList = CE0800DB265A51D10084AC8D /* Build configuration list for PBXNativeTarget "TitechApp-lite" */;
			buildPhases = (
				CE0800C8265A51CF0084AC8D /* Sources */,
				CE0800C9265A51CF0084AC8D /* Frameworks */,
				CE0800CA265A51CF0084AC8D /* Resources */,
			);
			buildRules = (
			);
			dependencies = (
			);
			name = "TitechApp-lite";
			productName = "TitechApp-lite";
			productReference = CE0800CC265A51CF0084AC8D /* TitechApp-lite.app */;
			productType = "com.apple.product-type.application";
		};
/* End PBXNativeTarget section */

/* Begin PBXProject section */
		CE0800C4265A51CF0084AC8D /* Project object */ = {
			isa = PBXProject;
			attributes = {
				LastSwiftUpdateCheck = 1250;
				LastUpgradeCheck = 1250;
				TargetAttributes = {
					CE0800CB265A51CF0084AC8D = {
						CreatedOnToolsVersion = 12.5;
					};
				};
			};
			buildConfigurationList = CE0800C7265A51CF0084AC8D /* Build configuration list for PBXProject "TitechApp-lite" */;
			compatibilityVersion = "Xcode 9.3";
			developmentRegion = en;
			hasScannedForEncodings = 0;
			knownRegions = (
				en,
				Base,
			);
			mainGroup = CE0800C3265A51CF0084AC8D;
			productRefGroup = CE0800CD265A51CF0084AC8D /* Products */;
			projectDirPath = "";
			projectRoot = "";
			targets = (
				CE0800CB265A51CF0084AC8D /* TitechApp-lite */,
			);
		};
/* End PBXProject section */

/* Begin PBXResourcesBuildPhase section */
		CE0800CA265A51CF0084AC8D /* Resources */ = {
			isa = PBXResourcesBuildPhase;
			buildActionMask = 2147483647;
			files = (
				CE0800D7265A51D10084AC8D /* Preview Assets.xcassets in Resources */,
				CE5F7DC4265A78E300BBC6B6 /* LectureData.json in Resources */,
				CE0800D4265A51D10084AC8D /* Assets.xcassets in Resources */,
			);
			runOnlyForDeploymentPostprocessing = 0;
		};
/* End PBXResourcesBuildPhase section */

/* Begin PBXSourcesBuildPhase section */
		CE0800C8265A51CF0084AC8D /* Sources */ = {
			isa = PBXSourcesBuildPhase;
			buildActionMask = 2147483647;
			files = (
				CE0800E5265A60C00084AC8D /* Lecture.swift in Sources */,
				CE5F7DC8265A7F1600BBC6B6 /* LectureRow.swift in Sources */,
				CE5F7DCA265A7F3100BBC6B6 /* LectureInfo.swift in Sources */,
				CE0800E3265A60590084AC8D /* json_extract.swift in Sources */,
				CE0800D0265A51CF0084AC8D /* TitechApp_liteApp.swift in Sources */,
				CE5F7DC6265A7F0500BBC6B6 /* LectureList.swift in Sources */,
			);
			runOnlyForDeploymentPostprocessing = 0;
		};
/* End PBXSourcesBuildPhase section */

/* Begin XCBuildConfiguration section */
		CE0800D9265A51D10084AC8D /* Debug */ = {
			isa = XCBuildConfiguration;
			buildSettings = {
				ALWAYS_SEARCH_USER_PATHS = NO;
				CLANG_ANALYZER_NONNULL = YES;
				CLANG_ANALYZER_NUMBER_OBJECT_CONVERSION = YES_AGGRESSIVE;
				CLANG_CXX_LANGUAGE_STANDARD = "gnu++14";
				CLANG_CXX_LIBRARY = "libc++";
				CLANG_ENABLE_MODULES = YES;
				CLANG_ENABLE_OBJC_ARC = YES;
				CLANG_ENABLE_OBJC_WEAK = YES;
				CLANG_WARN_BLOCK_CAPTURE_AUTORELEASING = YES;
				CLANG_WARN_BOOL_CONVERSION = YES;
				CLANG_WARN_COMMA = YES;
				CLANG_WARN_CONSTANT_CONVERSION = YES;
				CLANG_WARN_DEPRECATED_OBJC_IMPLEMENTATIONS = YES;
				CLANG_WARN_DIRECT_OBJC_ISA_USAGE = YES_ERROR;
				CLANG_WARN_DOCUMENTATION_COMMENTS = YES;
				CLANG_WARN_EMPTY_BODY = YES;
				CLANG_WARN_ENUM_CONVERSION = YES;
				CLANG_WARN_INFINITE_RECURSION = YES;
				CLANG_WARN_INT_CONVERSION = YES;
				CLANG_WARN_NON_LITERAL_NULL_CONVERSION = YES;
				CLANG_WARN_OBJC_IMPLICIT_RETAIN_SELF = YES;
				CLANG_WARN_OBJC_LITERAL_CONVERSION = YES;
				CLANG_WARN_OBJC_ROOT_CLASS = YES_ERROR;
				CLANG_WARN_QUOTED_INCLUDE_IN_FRAMEWORK_HEADER = YES;
				CLANG_WARN_RANGE_LOOP_ANALYSIS = YES;
				CLANG_WARN_STRICT_PROTOTYPES = YES;
				CLANG_WARN_SUSPICIOUS_MOVE = YES;
				CLANG_WARN_UNGUARDED_AVAILABILITY = YES_AGGRESSIVE;
				CLANG_WARN_UNREACHABLE_CODE = YES;
				CLANG_WARN__DUPLICATE_METHOD_MATCH = YES;
				COPY_PHASE_STRIP = NO;
				DEBUG_INFORMATION_FORMAT = dwarf;
				ENABLE_STRICT_OBJC_MSGSEND = YES;
				ENABLE_TESTABILITY = YES;
				GCC_C_LANGUAGE_STANDARD = gnu11;
				GCC_DYNAMIC_NO_PIC = NO;
				GCC_NO_COMMON_BLOCKS = YES;
				GCC_OPTIMIZATION_LEVEL = 0;
				GCC_PREPROCESSOR_DEFINITIONS = (
					"DEBUG=1",
					"$(inherited)",
				);
				GCC_WARN_64_TO_32_BIT_CONVERSION = YES;
				GCC_WARN_ABOUT_RETURN_TYPE = YES_ERROR;
				GCC_WARN_UNDECLARED_SELECTOR = YES;
				GCC_WARN_UNINITIALIZED_AUTOS = YES_AGGRESSIVE;
				GCC_WARN_UNUSED_FUNCTION = YES;
				GCC_WARN_UNUSED_VARIABLE = YES;
				IPHONEOS_DEPLOYMENT_TARGET = 14.5;
				MTL_ENABLE_DEBUG_INFO = INCLUDE_SOURCE;
				MTL_FAST_MATH = YES;
				ONLY_ACTIVE_ARCH = YES;
				SDKROOT = iphoneos;
				SWIFT_ACTIVE_COMPILATION_CONDITIONS = DEBUG;
				SWIFT_OPTIMIZATION_LEVEL = "-Onone";
			};
			name = Debug;
		};
		CE0800DA265A51D10084AC8D /* Release */ = {
			isa = XCBuildConfiguration;
			buildSettings = {
				ALWAYS_SEARCH_USER_PATHS = NO;
				CLANG_ANALYZER_NONNULL = YES;
				CLANG_ANALYZER_NUMBER_OBJECT_CONVERSION = YES_AGGRESSIVE;
				CLANG_CXX_LANGUAGE_STANDARD = "gnu++14";
				CLANG_CXX_LIBRARY = "libc++";
				CLANG_ENABLE_MODULES = YES;
				CLANG_ENABLE_OBJC_ARC = YES;
				CLANG_ENABLE_OBJC_WEAK = YES;
				CLANG_WARN_BLOCK_CAPTURE_AUTORELEASING = YES;
				CLANG_WARN_BOOL_CONVERSION = YES;
				CLANG_WARN_COMMA = YES;
				CLANG_WARN_CONSTANT_CONVERSION = YES;
				CLANG_WARN_DEPRECATED_OBJC_IMPLEMENTATIONS = YES;
				CLANG_WARN_DIRECT_OBJC_ISA_USAGE = YES_ERROR;
				CLANG_WARN_DOCUMENTATION_COMMENTS = YES;
				CLANG_WARN_EMPTY_BODY = YES;
				CLANG_WARN_ENUM_CONVERSION = YES;
				CLANG_WARN_INFINITE_RECURSION = YES;
				CLANG_WARN_INT_CONVERSION = YES;
				CLANG_WARN_NON_LITERAL_NULL_CONVERSION = YES;
				CLANG_WARN_OBJC_IMPLICIT_RETAIN_SELF = YES;
				CLANG_WARN_OBJC_LITERAL_CONVERSION = YES;
				CLANG_WARN_OBJC_ROOT_CLASS = YES_ERROR;
				CLANG_WARN_QUOTED_INCLUDE_IN_FRAMEWORK_HEADER = YES;
				CLANG_WARN_RANGE_LOOP_ANALYSIS = YES;
				CLANG_WARN_STRICT_PROTOTYPES = YES;
				CLANG_WARN_SUSPICIOUS_MOVE = YES;
				CLANG_WARN_UNGUARDED_AVAILABILITY = YES_AGGRESSIVE;
				CLANG_WARN_UNREACHABLE_CODE = YES;
				CLANG_WARN__DUPLICATE_METHOD_MATCH = YES;
				COPY_PHASE_STRIP = NO;
				DEBUG_INFORMATION_FORMAT = "dwarf-with-dsym";
				ENABLE_NS_ASSERTIONS = NO;
				ENABLE_STRICT_OBJC_MSGSEND = YES;
				GCC_C_LANGUAGE_STANDARD = gnu11;
				GCC_NO_COMMON_BLOCKS = YES;
				GCC_WARN_64_TO_32_BIT_CONVERSION = YES;
				GCC_WARN_ABOUT_RETURN_TYPE = YES_ERROR;
				GCC_WARN_UNDECLARED_SELECTOR = YES;
				GCC_WARN_UNINITIALIZED_AUTOS = YES_AGGRESSIVE;
				GCC_WARN_UNUSED_FUNCTION = YES;
				GCC_WARN_UNUSED_VARIABLE = YES;
				IPHONEOS_DEPLOYMENT_TARGET = 14.5;
				MTL_ENABLE_DEBUG_INFO = NO;
				MTL_FAST_MATH = YES;
				SDKROOT = iphoneos;
				SWIFT_COMPILATION_MODE = wholemodule;
				SWIFT_OPTIMIZATION_LEVEL = "-O";
				VALIDATE_PRODUCT = YES;
			};
			name = Release;
		};
		CE0800DC265A51D10084AC8D /* Debug */ = {
			isa = XCBuildConfiguration;
			buildSettings = {
				ASSETCATALOG_COMPILER_APPICON_NAME = AppIcon;
				ASSETCATALOG_COMPILER_GLOBAL_ACCENT_COLOR_NAME = AccentColor;
				CODE_SIGN_STYLE = Automatic;
				DEVELOPMENT_ASSET_PATHS = "\"TitechApp-lite/Preview Content\"";
				ENABLE_PREVIEWS = YES;
				INFOPLIST_FILE = "TitechApp-lite/Info.plist";
				IPHONEOS_DEPLOYMENT_TARGET = 14.0;
				LD_RUNPATH_SEARCH_PATHS = (
					"$(inherited)",
					"@executable_path/Frameworks",
				);
				PRODUCT_BUNDLE_IDENTIFIER = "jp.ac.titech.TitechApp-lite";
				PRODUCT_NAME = "$(TARGET_NAME)";
				SWIFT_VERSION = 5.0;
				TARGETED_DEVICE_FAMILY = "1,2";
			};
			name = Debug;
		};
		CE0800DD265A51D10084AC8D /* Release */ = {
			isa = XCBuildConfiguration;
			buildSettings = {
				ASSETCATALOG_COMPILER_APPICON_NAME = AppIcon;
				ASSETCATALOG_COMPILER_GLOBAL_ACCENT_COLOR_NAME = AccentColor;
				CODE_SIGN_STYLE = Automatic;
				DEVELOPMENT_ASSET_PATHS = "\"TitechApp-lite/Preview Content\"";
				ENABLE_PREVIEWS = YES;
				INFOPLIST_FILE = "TitechApp-lite/Info.plist";
				IPHONEOS_DEPLOYMENT_TARGET = 14.0;
				LD_RUNPATH_SEARCH_PATHS = (
					"$(inherited)",
					"@executable_path/Frameworks",
				);
				PRODUCT_BUNDLE_IDENTIFIER = "jp.ac.titech.TitechApp-lite";
				PRODUCT_NAME = "$(TARGET_NAME)";
				SWIFT_VERSION = 5.0;
				TARGETED_DEVICE_FAMILY = "1,2";
			};
			name = Release;
		};
/* End XCBuildConfiguration section */

/* Begin XCConfigurationList section */
		CE0800C7265A51CF0084AC8D /* Build configuration list for PBXProject "TitechApp-lite" */ = {
			isa = XCConfigurationList;
			buildConfigurations = (
				CE0800D9265A51D10084AC8D /* Debug */,
				CE0800DA265A51D10084AC8D /* Release */,
			);
			defaultConfigurationIsVisible = 0;
			defaultConfigurationName = Release;
		};
		CE0800DB265A51D10084AC8D /* Build configuration list for PBXNativeTarget "TitechApp-lite" */ = {
			isa = XCConfigurationList;
			buildConfigurations = (
				CE0800DC265A51D10084AC8D /* Debug */,
				CE0800DD265A51D10084AC8D /* Release */,
			);
			defaultConfigurationIsVisible = 0;
			defaultConfigurationName = Release;
		};
/* End XCConfigurationList section */
	};
	rootObject = CE0800C4265A51CF0084AC8D /* Project object */;
}
